
Microsoft Visual Studio Solution File, Format Version 12.00
# Visual Studio Version 17
VisualStudioVersion = 17.3.32901.215
MinimumVisualStudioVersion = 10.0.40219.1
Project("{9A19103F-16F7-4668-BE54-9A1E7A4F7556}") = "laba01", "laba01\laba01.csproj", "{340A039C-FA5C-4308-801F-BA0447416E33}"
EndProject
Project("{9A19103F-16F7-4668-BE54-9A1E7A4F7556}") = "ClassLibrary1", "ClassLibrary1\ClassLibrary1.csproj", "{A9F449B9-5D8C-46D6-9699-253BA0250315}"
EndProject
Project("{9A19103F-16F7-4668-BE54-9A1E7A4F7556}") = "Task2", "Task2\Task2.csproj", "{8662D3E4-D3E3-4656-ABF0-0341A650917B}"
EndProject
Project("{9A19103F-16F7-4668-BE54-9A1E7A4F7556}") = "Task3", "Task3\Task3.csproj", "{CA3B24B1-BA59-4947-81A6-361B68F397D5}"
EndProject
Project("{FAE04EC0-301F-11D3-BF4B-00C04F79EFBC}") = "TestProject1", "TestProject1\TestProject1.csproj", "{AC67E8B2-6FA9-4751-BE43-7436C3DF35E3}"
EndProject
Global
	GlobalSection(SolutionConfigurationPlatforms) = preSolution
		Debug|Any CPU = Debug|Any CPU
		Release|Any CPU = Release|Any CPU
	EndGlobalSection
	GlobalSection(ProjectConfigurationPlatforms) = postSolution
		{340A039C-FA5C-4308-801F-BA0447416E33}.Debug|Any CPU.ActiveCfg = Debug|Any CPU
		{340A039C-FA5C-4308-801F-BA0447416E33}.Debug|Any CPU.Build.0 = Debug|Any CPU
		{340A039C-FA5C-4308-801F-BA0447416E33}.Release|Any CPU.ActiveCfg = Release|Any CPU
		{340A039C-FA5C-4308-801F-BA0447416E33}.Release|Any CPU.Build.0 = Release|Any CPU
		{A9F449B9-5D8C-46D6-9699-253BA0250315}.Debug|Any CPU.ActiveCfg = Debug|Any CPU
		{A9F449B9-5D8C-46D6-9699-253BA0250315}.Debug|Any CPU.Build.0 = Debug|Any CPU
		{A9F449B9-5D8C-46D6-9699-253BA0250315}.Release|Any CPU.ActiveCfg = Release|Any CPU
		{A9F449B9-5D8C-46D6-9699-253BA0250315}.Release|Any CPU.Build.0 = Release|Any CPU
		{8662D3E4-D3E3-4656-ABF0-0341A650917B}.Debug|Any CPU.ActiveCfg = Debug|Any CPU
		{8662D3E4-D3E3-4656-ABF0-0341A650917B}.Debug|Any CPU.Build.0 = Debug|Any CPU
		{8662D3E4-D3E3-4656-ABF0-0341A650917B}.Release|Any CPU.ActiveCfg = Release|Any CPU
		{8662D3E4-D3E3-4656-ABF0-0341A650917B}.Release|Any CPU.Build.0 = Release|Any CPU
		{CA3B24B1-BA59-4947-81A6-361B68F397D5}.Debug|Any CPU.ActiveCfg = Debug|Any CPU
		{CA3B24B1-BA59-4947-81A6-361B68F397D5}.Debug|Any CPU.Build.0 = Debug|Any CPU
		{CA3B24B1-BA59-4947-81A6-361B68F397D5}.Release|Any CPU.ActiveCfg = Release|Any CPU
		{CA3B24B1-BA59-4947-81A6-361B68F397D5}.Release|Any CPU.Build.0 = Release|Any CPU
		{AC67E8B2-6FA9-4751-BE43-7436C3DF35E3}.Debug|Any CPU.ActiveCfg = Debug|Any CPU
		{AC67E8B2-6FA9-4751-BE43-7436C3DF35E3}.Debug|Any CPU.Build.0 = Debug|Any CPU
		{AC67E8B2-6FA9-4751-BE43-7436C3DF35E3}.Release|Any CPU.ActiveCfg = Release|Any CPU
		{AC67E8B2-6FA9-4751-BE43-7436C3DF35E3}.Release|Any CPU.Build.0 = Release|Any CPU
	EndGlobalSection
	GlobalSection(SolutionProperties) = preSolution
		HideSolutionNode = FALSE
	EndGlobalSection
	GlobalSection(ExtensibilityGlobals) = postSolution
		SolutionGuid = {3B80E693-216B-495D-8EBB-24933E56C804}
	EndGlobalSection
EndGlobal
